
Microsoft Visual Studio Solution File, Format Version 12.00
# Visual Studio Version 16
VisualStudioVersion = 16.0.31702.278
MinimumVisualStudioVersion = 10.0.40219.1
Project("{9A19103F-16F7-4668-BE54-9A1E7A4F7556}") = "BulkyBook", "BulkyBook\BulkyBook.csproj", "{5DB7975B-E1B9-4FD9-9D41-AB73344BE9CB}"
EndProject
Project("{FAE04EC0-301F-11D3-BF4B-00C04F79EFBC}") = "BulkyBook.DataAccess", "BulkyBook.DataAccess\BulkyBook.DataAccess.csproj", "{9B7457A2-3D29-4C5C-85B0-3723476DAD8B}"
EndProject
Project("{FAE04EC0-301F-11D3-BF4B-00C04F79EFBC}") = "BulkyBook.Models", "BulkyBook.Models\BulkyBook.Models.csproj", "{F26F110A-554B-49DF-8B17-105AF1BC12E9}"
EndProject
Project("{FAE04EC0-301F-11D3-BF4B-00C04F79EFBC}") = "BulkyBook.Utility", "BulkyBook.Utility\BulkyBook.Utility.csproj", "{18CB72F6-BC78-4102-8C94-071BC0EC4B0F}"
EndProject
Global
	GlobalSection(SolutionConfigurationPlatforms) = preSolution
		Debug|Any CPU = Debug|Any CPU
		Release|Any CPU = Release|Any CPU
	EndGlobalSection
	GlobalSection(ProjectConfigurationPlatforms) = postSolution
		{5DB7975B-E1B9-4FD9-9D41-AB73344BE9CB}.Debug|Any CPU.ActiveCfg = Debug|Any CPU
		{5DB7975B-E1B9-4FD9-9D41-AB73344BE9CB}.Debug|Any CPU.Build.0 = Debug|Any CPU
		{5DB7975B-E1B9-4FD9-9D41-AB73344BE9CB}.Release|Any CPU.ActiveCfg = Release|Any CPU
		{5DB7975B-E1B9-4FD9-9D41-AB73344BE9CB}.Release|Any CPU.Build.0 = Release|Any CPU
		{9B7457A2-3D29-4C5C-85B0-3723476DAD8B}.Debug|Any CPU.ActiveCfg = Debug|Any CPU
		{9B7457A2-3D29-4C5C-85B0-3723476DAD8B}.Debug|Any CPU.Build.0 = Debug|Any CPU
		{9B7457A2-3D29-4C5C-85B0-3723476DAD8B}.Release|Any CPU.ActiveCfg = Release|Any CPU
		{9B7457A2-3D29-4C5C-85B0-3723476DAD8B}.Release|Any CPU.Build.0 = Release|Any CPU
		{F26F110A-554B-49DF-8B17-105AF1BC12E9}.Debug|Any CPU.ActiveCfg = Debug|Any CPU
		{F26F110A-554B-49DF-8B17-105AF1BC12E9}.Debug|Any CPU.Build.0 = Debug|Any CPU
		{F26F110A-554B-49DF-8B17-105AF1BC12E9}.Release|Any CPU.ActiveCfg = Release|Any CPU
		{F26F110A-554B-49DF-8B17-105AF1BC12E9}.Release|Any CPU.Build.0 = Release|Any CPU
		{18CB72F6-BC78-4102-8C94-071BC0EC4B0F}.Debug|Any CPU.ActiveCfg = Debug|Any CPU
		{18CB72F6-BC78-4102-8C94-071BC0EC4B0F}.Debug|Any CPU.Build.0 = Debug|Any CPU
		{18CB72F6-BC78-4102-8C94-071BC0EC4B0F}.Release|Any CPU.ActiveCfg = Release|Any CPU
		{18CB72F6-BC78-4102-8C94-071BC0EC4B0F}.Release|Any CPU.Build.0 = Release|Any CPU
	EndGlobalSection
	GlobalSection(SolutionProperties) = preSolution
		HideSolutionNode = FALSE
	EndGlobalSection
	GlobalSection(ExtensibilityGlobals) = postSolution
		SolutionGuid = {D62E0A82-B0DA-4348-AB23-A4046E777CAB}
	EndGlobalSection
EndGlobal
